
Microsoft Visual Studio Solution File, Format Version 12.00
# Visual Studio Version 17
VisualStudioVersion = 17.4.33205.214
MinimumVisualStudioVersion = 10.0.40219.1
Project("{9A19103F-16F7-4668-BE54-9A1E7A4F7556}") = "DataLayer", "DataLayer\DataLayer.csproj", "{2291F656-DD42-4257-B0F9-3C158C99B1CD}"
EndProject
Project("{FAE04EC0-301F-11D3-BF4B-00C04F79EFBC}") = "Presentation.Web", "Presentation.Web\Presentation.Web.csproj", "{5E3FE569-7945-469C-AC51-8EECD8CF8B21}"
EndProject
Global
	GlobalSection(SolutionConfigurationPlatforms) = preSolution
		Debug|Any CPU = Debug|Any CPU
		Release|Any CPU = Release|Any CPU
	EndGlobalSection
	GlobalSection(ProjectConfigurationPlatforms) = postSolution
		{2291F656-DD42-4257-B0F9-3C158C99B1CD}.Debug|Any CPU.ActiveCfg = Debug|Any CPU
		{2291F656-DD42-4257-B0F9-3C158C99B1CD}.Debug|Any CPU.Build.0 = Debug|Any CPU
		{2291F656-DD42-4257-B0F9-3C158C99B1CD}.Release|Any CPU.ActiveCfg = Release|Any CPU
		{2291F656-DD42-4257-B0F9-3C158C99B1CD}.Release|Any CPU.Build.0 = Release|Any CPU
		{5E3FE569-7945-469C-AC51-8EECD8CF8B21}.Debug|Any CPU.ActiveCfg = Debug|Any CPU
		{5E3FE569-7945-469C-AC51-8EECD8CF8B21}.Debug|Any CPU.Build.0 = Debug|Any CPU
		{5E3FE569-7945-469C-AC51-8EECD8CF8B21}.Release|Any CPU.ActiveCfg = Release|Any CPU
		{5E3FE569-7945-469C-AC51-8EECD8CF8B21}.Release|Any CPU.Build.0 = Release|Any CPU
	EndGlobalSection
	GlobalSection(SolutionProperties) = preSolution
		HideSolutionNode = FALSE
	EndGlobalSection
	GlobalSection(ExtensibilityGlobals) = postSolution
		SolutionGuid = {DF0F9F92-26CD-4930-A64E-6F2B60BA5B80}
	EndGlobalSection
EndGlobal
