
Microsoft Visual Studio Solution File, Format Version 12.00
# Visual Studio Version 17
VisualStudioVersion = 17.4.33213.308
MinimumVisualStudioVersion = 10.0.40219.1
Project("{9A19103F-16F7-4668-BE54-9A1E7A4F7556}") = "DataLayer", "DataLayer\DataLayer.csproj", "{524671EF-994E-4887-8DFC-8B2AED0CAA55}"
EndProject
Project("{FAE04EC0-301F-11D3-BF4B-00C04F79EFBC}") = "MonApplication", "MonApplication\MonApplication.csproj", "{1B9D7FCF-F226-4DA6-8419-EC637E5FDCFA}"
EndProject
Global
	GlobalSection(SolutionConfigurationPlatforms) = preSolution
		Debug|Any CPU = Debug|Any CPU
		Release|Any CPU = Release|Any CPU
	EndGlobalSection
	GlobalSection(ProjectConfigurationPlatforms) = postSolution
		{524671EF-994E-4887-8DFC-8B2AED0CAA55}.Debug|Any CPU.ActiveCfg = Debug|Any CPU
		{524671EF-994E-4887-8DFC-8B2AED0CAA55}.Debug|Any CPU.Build.0 = Debug|Any CPU
		{524671EF-994E-4887-8DFC-8B2AED0CAA55}.Release|Any CPU.ActiveCfg = Release|Any CPU
		{524671EF-994E-4887-8DFC-8B2AED0CAA55}.Release|Any CPU.Build.0 = Release|Any CPU
		{1B9D7FCF-F226-4DA6-8419-EC637E5FDCFA}.Debug|Any CPU.ActiveCfg = Debug|Any CPU
		{1B9D7FCF-F226-4DA6-8419-EC637E5FDCFA}.Debug|Any CPU.Build.0 = Debug|Any CPU
		{1B9D7FCF-F226-4DA6-8419-EC637E5FDCFA}.Release|Any CPU.ActiveCfg = Release|Any CPU
		{1B9D7FCF-F226-4DA6-8419-EC637E5FDCFA}.Release|Any CPU.Build.0 = Release|Any CPU
	EndGlobalSection
	GlobalSection(SolutionProperties) = preSolution
		HideSolutionNode = FALSE
	EndGlobalSection
	GlobalSection(ExtensibilityGlobals) = postSolution
		SolutionGuid = {26725353-9901-4819-B073-28DB6BEB268F}
	EndGlobalSection
EndGlobal
