
Microsoft Visual Studio Solution File, Format Version 12.00
# Visual Studio Version 17
VisualStudioVersion = 17.4.33213.308
MinimumVisualStudioVersion = 10.0.40219.1
Project("{FAE04EC0-301F-11D3-BF4B-00C04F79EFBC}") = "Exercice1", "Exercice1\Exercice1.csproj", "{31D73208-FA31-4BEC-AA1D-552DE45FEAD9}"
EndProject
Project("{FAE04EC0-301F-11D3-BF4B-00C04F79EFBC}") = "Exercice2", "Exercice2\Exercice2.csproj", "{036DDD35-7F89-48A0-A987-6DA9F7D46FD0}"
EndProject
Project("{FAE04EC0-301F-11D3-BF4B-00C04F79EFBC}") = "Exercice3", "Exercice3\Exercice3.csproj", "{B65F0351-326D-4536-9E9D-0DDE640A9B7C}"
EndProject
Project("{FAE04EC0-301F-11D3-BF4B-00C04F79EFBC}") = "Exercice4", "Exercice4\Exercice4.csproj", "{345BD72F-818B-48EC-A684-0B36C5737F6E}"
EndProject
Project("{FAE04EC0-301F-11D3-BF4B-00C04F79EFBC}") = "Exercice5", "Exercice5\Exercice5.csproj", "{E2CB72F5-DF58-4143-A166-9BF2478FAE7D}"
EndProject
Global
	GlobalSection(SolutionConfigurationPlatforms) = preSolution
		Debug|Any CPU = Debug|Any CPU
		Release|Any CPU = Release|Any CPU
	EndGlobalSection
	GlobalSection(ProjectConfigurationPlatforms) = postSolution
		{31D73208-FA31-4BEC-AA1D-552DE45FEAD9}.Debug|Any CPU.ActiveCfg = Debug|Any CPU
		{31D73208-FA31-4BEC-AA1D-552DE45FEAD9}.Debug|Any CPU.Build.0 = Debug|Any CPU
		{31D73208-FA31-4BEC-AA1D-552DE45FEAD9}.Release|Any CPU.ActiveCfg = Release|Any CPU
		{31D73208-FA31-4BEC-AA1D-552DE45FEAD9}.Release|Any CPU.Build.0 = Release|Any CPU
		{036DDD35-7F89-48A0-A987-6DA9F7D46FD0}.Debug|Any CPU.ActiveCfg = Debug|Any CPU
		{036DDD35-7F89-48A0-A987-6DA9F7D46FD0}.Debug|Any CPU.Build.0 = Debug|Any CPU
		{036DDD35-7F89-48A0-A987-6DA9F7D46FD0}.Release|Any CPU.ActiveCfg = Release|Any CPU
		{036DDD35-7F89-48A0-A987-6DA9F7D46FD0}.Release|Any CPU.Build.0 = Release|Any CPU
		{B65F0351-326D-4536-9E9D-0DDE640A9B7C}.Debug|Any CPU.ActiveCfg = Debug|Any CPU
		{B65F0351-326D-4536-9E9D-0DDE640A9B7C}.Debug|Any CPU.Build.0 = Debug|Any CPU
		{B65F0351-326D-4536-9E9D-0DDE640A9B7C}.Release|Any CPU.ActiveCfg = Release|Any CPU
		{B65F0351-326D-4536-9E9D-0DDE640A9B7C}.Release|Any CPU.Build.0 = Release|Any CPU
		{345BD72F-818B-48EC-A684-0B36C5737F6E}.Debug|Any CPU.ActiveCfg = Debug|Any CPU
		{345BD72F-818B-48EC-A684-0B36C5737F6E}.Debug|Any CPU.Build.0 = Debug|Any CPU
		{345BD72F-818B-48EC-A684-0B36C5737F6E}.Release|Any CPU.ActiveCfg = Release|Any CPU
		{345BD72F-818B-48EC-A684-0B36C5737F6E}.Release|Any CPU.Build.0 = Release|Any CPU
		{E2CB72F5-DF58-4143-A166-9BF2478FAE7D}.Debug|Any CPU.ActiveCfg = Debug|Any CPU
		{E2CB72F5-DF58-4143-A166-9BF2478FAE7D}.Debug|Any CPU.Build.0 = Debug|Any CPU
		{E2CB72F5-DF58-4143-A166-9BF2478FAE7D}.Release|Any CPU.ActiveCfg = Release|Any CPU
		{E2CB72F5-DF58-4143-A166-9BF2478FAE7D}.Release|Any CPU.Build.0 = Release|Any CPU
	EndGlobalSection
	GlobalSection(SolutionProperties) = preSolution
		HideSolutionNode = FALSE
	EndGlobalSection
	GlobalSection(ExtensibilityGlobals) = postSolution
		SolutionGuid = {ECBF66B4-EC5F-4D21-B4FB-18FD66515D75}
	EndGlobalSection
EndGlobal
